
Microsoft Visual Studio Solution File, Format Version 12.00
# Visual Studio Version 16
VisualStudioVersion = 16.0.29209.62
MinimumVisualStudioVersion = 10.0.40219.1
Project("{FAE04EC0-301F-11D3-BF4B-00C04F79EFBC}") = "WebScrapingRobot", "WebScrapingRobot.csproj", "{37DAE0E6-B2C3-4915-9A48-F74560A1757E}"
EndProject
Global
	GlobalSection(SolutionConfigurationPlatforms) = preSolution
		Debug|Any CPU = Debug|Any CPU
		Release|Any CPU = Release|Any CPU
	EndGlobalSection
	GlobalSection(ProjectConfigurationPlatforms) = postSolution
		{37DAE0E6-B2C3-4915-9A48-F74560A1757E}.Debug|Any CPU.ActiveCfg = Debug|Any CPU
		{37DAE0E6-B2C3-4915-9A48-F74560A1757E}.Debug|Any CPU.Build.0 = Debug|Any CPU
		{37DAE0E6-B2C3-4915-9A48-F74560A1757E}.Release|Any CPU.ActiveCfg = Release|Any CPU
		{37DAE0E6-B2C3-4915-9A48-F74560A1757E}.Release|Any CPU.Build.0 = Release|Any CPU
	EndGlobalSection
	GlobalSection(SolutionProperties) = preSolution
		HideSolutionNode = FALSE
	EndGlobalSection
	GlobalSection(ExtensibilityGlobals) = postSolution
		SolutionGuid = {08F88085-AC35-4FE4-B6C7-A4DB7252DC02}
	EndGlobalSection
EndGlobal
